
Microsoft Visual Studio Solution File, Format Version 12.00
# Visual Studio 15
Project("{FAE04EC0-301F-11D3-BF4B-00C04F79EFBC}") = "Assembly-CSharp", "Assembly-CSharp.csproj", "{814162B1-CDA7-2DE1-6C85-E4BBB53CDCCC}"
EndProject
Global
	GlobalSection(SolutionConfigurationPlatforms) = preSolution
		Debug|Any CPU = Debug|Any CPU
		Release|Any CPU = Release|Any CPU
	EndGlobalSection
	GlobalSection(ProjectConfigurationPlatforms) = postSolution
		{814162B1-CDA7-2DE1-6C85-E4BBB53CDCCC}.Debug|Any CPU.ActiveCfg = Debug|Any CPU
		{814162B1-CDA7-2DE1-6C85-E4BBB53CDCCC}.Debug|Any CPU.Build.0 = Debug|Any CPU
		{814162B1-CDA7-2DE1-6C85-E4BBB53CDCCC}.Release|Any CPU.ActiveCfg = Release|Any CPU
		{814162B1-CDA7-2DE1-6C85-E4BBB53CDCCC}.Release|Any CPU.Build.0 = Release|Any CPU
	EndGlobalSection
	GlobalSection(SolutionProperties) = preSolution
		HideSolutionNode = FALSE
	EndGlobalSection
EndGlobal
